
Microsoft Visual Studio Solution File, Format Version 12.00
# Visual Studio 15
VisualStudioVersion = 15.0.27703.2035
MinimumVisualStudioVersion = 10.0.40219.1
Project("{9A19103F-16F7-4668-BE54-9A1E7A4F7556}") = "CitiesUsers", "CitiesUsers\CitiesUsers.csproj", "{E36BFF9D-6B9B-45E6-8432-4E3A856E26C5}"
EndProject
Project("{9A19103F-16F7-4668-BE54-9A1E7A4F7556}") = "CitiesUsersApi", "CitiesUsersApi\CitiesUsersApi.csproj", "{1E6CDEA3-60CE-4E43-AE11-3CE15E6CC6C6}"
EndProject
Project("{9A19103F-16F7-4668-BE54-9A1E7A4F7556}") = "CitiesUsersApi.Test", "CitiesUsersApi.Test\CitiesUsersApi.Test.csproj", "{050EAADD-68A0-4DD1-ADDE-620FE715158E}"
EndProject
Global
	GlobalSection(SolutionConfigurationPlatforms) = preSolution
		Debug|Any CPU = Debug|Any CPU
		Release|Any CPU = Release|Any CPU
	EndGlobalSection
	GlobalSection(ProjectConfigurationPlatforms) = postSolution
		{E36BFF9D-6B9B-45E6-8432-4E3A856E26C5}.Debug|Any CPU.ActiveCfg = Debug|Any CPU
		{E36BFF9D-6B9B-45E6-8432-4E3A856E26C5}.Debug|Any CPU.Build.0 = Debug|Any CPU
		{E36BFF9D-6B9B-45E6-8432-4E3A856E26C5}.Release|Any CPU.ActiveCfg = Release|Any CPU
		{E36BFF9D-6B9B-45E6-8432-4E3A856E26C5}.Release|Any CPU.Build.0 = Release|Any CPU
		{1E6CDEA3-60CE-4E43-AE11-3CE15E6CC6C6}.Debug|Any CPU.ActiveCfg = Debug|Any CPU
		{1E6CDEA3-60CE-4E43-AE11-3CE15E6CC6C6}.Debug|Any CPU.Build.0 = Debug|Any CPU
		{1E6CDEA3-60CE-4E43-AE11-3CE15E6CC6C6}.Release|Any CPU.ActiveCfg = Release|Any CPU
		{1E6CDEA3-60CE-4E43-AE11-3CE15E6CC6C6}.Release|Any CPU.Build.0 = Release|Any CPU
		{050EAADD-68A0-4DD1-ADDE-620FE715158E}.Debug|Any CPU.ActiveCfg = Debug|Any CPU
		{050EAADD-68A0-4DD1-ADDE-620FE715158E}.Debug|Any CPU.Build.0 = Debug|Any CPU
		{050EAADD-68A0-4DD1-ADDE-620FE715158E}.Release|Any CPU.ActiveCfg = Release|Any CPU
		{050EAADD-68A0-4DD1-ADDE-620FE715158E}.Release|Any CPU.Build.0 = Release|Any CPU
	EndGlobalSection
	GlobalSection(SolutionProperties) = preSolution
		HideSolutionNode = FALSE
	EndGlobalSection
	GlobalSection(ExtensibilityGlobals) = postSolution
		SolutionGuid = {D205E986-BC31-40EC-AE1A-E08249240198}
	EndGlobalSection
EndGlobal
